
Microsoft Visual Studio Solution File, Format Version 12.00
# Visual Studio Version 16
VisualStudioVersion = 16.0.30709.132
MinimumVisualStudioVersion = 10.0.40219.1
Project("{FAE04EC0-301F-11D3-BF4B-00C04F79EFBC}") = "Stationeers.Addons.Patcher", "Stationeers.Addons.Patcher\Stationeers.Addons.Patcher.csproj", "{BBF54E3C-CE06-4939-B792-CA77C080BC24}"
EndProject
Project("{FAE04EC0-301F-11D3-BF4B-00C04F79EFBC}") = "Stationeers.Addons", "Stationeers.Addons\Stationeers.Addons.csproj", "{CC37B64D-6637-4E11-AB99-30A82343CD8C}"
EndProject
Project("{FAE04EC0-301F-11D3-BF4B-00C04F79EFBC}") = "ExampleMod", "ExampleMod\ExampleMod.csproj", "{C7C7E2F0-A1EC-42F8-A031-4C857B8E5616}"
EndProject
Project("{FAE04EC0-301F-11D3-BF4B-00C04F79EFBC}") = "Stationeers.Addons.PluginCompiler", "Stationeers.Addons.PluginCompiler\Stationeers.Addons.PluginCompiler.csproj", "{BC68C594-32CF-4EE7-B417-8FCB453AF897}"
EndProject
Project("{8BC9CEB8-8B4A-11D0-8D11-00A0C91BC942}") = "rocketstation", "Stationeers.Addons.Proxy\UnityPlayerStub\UnityPlayerStub.vcxproj", "{9B743A06-56DC-42C2-99B1-B11DE6C02BBD}"
EndProject
Project("{8BC9CEB8-8B4A-11D0-8D11-00A0C91BC942}") = "rocketstation", "Stationeers.Addons.Proxy\rocketstation\rocketstation.vcxproj", "{57571793-BF11-47DB-A9BA-049C9AA938C7}"
EndProject
Project("{8BC9CEB8-8B4A-11D0-8D11-00A0C91BC942}") = "UnityData", "Stationeers.Addons.Proxy\rocketstation\UnityData.vcxitems", "{9CC07CB0-D6B5-4B2E-990C-F644CBC7AE58}"
EndProject
Project("{2150E333-8FDC-42A3-9474-1A3956D46DE8}") = "Proxy", "Proxy", "{81789563-316E-42DF-8507-578062A5E2BB}"
EndProject
Project("{2150E333-8FDC-42A3-9474-1A3956D46DE8}") = "My Mods", "My Mods", "{EEA1F74E-E0A0-41E5-95EB-153CB438764D}"
EndProject
Project("{FAE04EC0-301F-11D3-BF4B-00C04F79EFBC}") = "Stationeers.SEGI", "MyMods\Stationeers.SEGI\Stationeers.SEGI.csproj", "{D7C7E2F0-A1EC-42F8-A031-4C857B8E5616}"
EndProject
Global
	GlobalSection(SharedMSBuildProjectFiles) = preSolution
		Stationeers.Addons.Proxy\rocketstation\UnityData.vcxitems*{9b743a06-56dc-42c2-99b1-b11de6c02bbd}*SharedItemsImports = 4
		Stationeers.Addons.Proxy\rocketstation\UnityData.vcxitems*{9cc07cb0-d6b5-4b2e-990c-f644cbc7ae58}*SharedItemsImports = 9
	EndGlobalSection
	GlobalSection(SolutionConfigurationPlatforms) = preSolution
		Debug|Any CPU = Debug|Any CPU
		Debug|x64 = Debug|x64
		Release|Any CPU = Release|Any CPU
		Release|x64 = Release|x64
	EndGlobalSection
	GlobalSection(ProjectConfigurationPlatforms) = postSolution
		{BBF54E3C-CE06-4939-B792-CA77C080BC24}.Debug|Any CPU.ActiveCfg = Debug|Any CPU
		{BBF54E3C-CE06-4939-B792-CA77C080BC24}.Debug|Any CPU.Build.0 = Debug|Any CPU
		{BBF54E3C-CE06-4939-B792-CA77C080BC24}.Debug|x64.ActiveCfg = Debug|Any CPU
		{BBF54E3C-CE06-4939-B792-CA77C080BC24}.Debug|x64.Build.0 = Debug|Any CPU
		{BBF54E3C-CE06-4939-B792-CA77C080BC24}.Release|Any CPU.ActiveCfg = Release|Any CPU
		{BBF54E3C-CE06-4939-B792-CA77C080BC24}.Release|Any CPU.Build.0 = Release|Any CPU
		{BBF54E3C-CE06-4939-B792-CA77C080BC24}.Release|x64.ActiveCfg = Release|Any CPU
		{BBF54E3C-CE06-4939-B792-CA77C080BC24}.Release|x64.Build.0 = Release|Any CPU
		{CC37B64D-6637-4E11-AB99-30A82343CD8C}.Debug|Any CPU.ActiveCfg = Debug|Any CPU
		{CC37B64D-6637-4E11-AB99-30A82343CD8C}.Debug|Any CPU.Build.0 = Debug|Any CPU
		{CC37B64D-6637-4E11-AB99-30A82343CD8C}.Debug|x64.ActiveCfg = Debug|Any CPU
		{CC37B64D-6637-4E11-AB99-30A82343CD8C}.Debug|x64.Build.0 = Debug|Any CPU
		{CC37B64D-6637-4E11-AB99-30A82343CD8C}.Release|Any CPU.ActiveCfg = Release|Any CPU
		{CC37B64D-6637-4E11-AB99-30A82343CD8C}.Release|Any CPU.Build.0 = Release|Any CPU
		{CC37B64D-6637-4E11-AB99-30A82343CD8C}.Release|x64.ActiveCfg = Release|Any CPU
		{CC37B64D-6637-4E11-AB99-30A82343CD8C}.Release|x64.Build.0 = Release|Any CPU
		{C7C7E2F0-A1EC-42F8-A031-4C857B8E5616}.Debug|Any CPU.ActiveCfg = Debug|Any CPU
		{C7C7E2F0-A1EC-42F8-A031-4C857B8E5616}.Debug|Any CPU.Build.0 = Debug|Any CPU
		{C7C7E2F0-A1EC-42F8-A031-4C857B8E5616}.Debug|x64.ActiveCfg = Debug|Any CPU
		{C7C7E2F0-A1EC-42F8-A031-4C857B8E5616}.Debug|x64.Build.0 = Debug|Any CPU
		{C7C7E2F0-A1EC-42F8-A031-4C857B8E5616}.Release|Any CPU.ActiveCfg = Release|Any CPU
		{C7C7E2F0-A1EC-42F8-A031-4C857B8E5616}.Release|x64.ActiveCfg = Release|Any CPU
		{C7C7E2F0-A1EC-42F8-A031-4C857B8E5616}.Release|x64.Build.0 = Release|Any CPU
		{BC68C594-32CF-4EE7-B417-8FCB453AF897}.Debug|Any CPU.ActiveCfg = Debug|Any CPU
		{BC68C594-32CF-4EE7-B417-8FCB453AF897}.Debug|Any CPU.Build.0 = Debug|Any CPU
		{BC68C594-32CF-4EE7-B417-8FCB453AF897}.Debug|x64.ActiveCfg = Debug|Any CPU
		{BC68C594-32CF-4EE7-B417-8FCB453AF897}.Debug|x64.Build.0 = Debug|Any CPU
		{BC68C594-32CF-4EE7-B417-8FCB453AF897}.Release|Any CPU.ActiveCfg = Release|Any CPU
		{BC68C594-32CF-4EE7-B417-8FCB453AF897}.Release|Any CPU.Build.0 = Release|Any CPU
		{BC68C594-32CF-4EE7-B417-8FCB453AF897}.Release|x64.ActiveCfg = Release|Any CPU
		{BC68C594-32CF-4EE7-B417-8FCB453AF897}.Release|x64.Build.0 = Release|Any CPU
		{9B743A06-56DC-42C2-99B1-B11DE6C02BBD}.Debug|Any CPU.ActiveCfg = Debug|x64
		{9B743A06-56DC-42C2-99B1-B11DE6C02BBD}.Debug|x64.ActiveCfg = Debug|x64
		{9B743A06-56DC-42C2-99B1-B11DE6C02BBD}.Debug|x64.Build.0 = Debug|x64
		{9B743A06-56DC-42C2-99B1-B11DE6C02BBD}.Release|Any CPU.ActiveCfg = Release|x64
		{9B743A06-56DC-42C2-99B1-B11DE6C02BBD}.Release|Any CPU.Build.0 = Release|x64
		{9B743A06-56DC-42C2-99B1-B11DE6C02BBD}.Release|x64.ActiveCfg = Release|x64
		{9B743A06-56DC-42C2-99B1-B11DE6C02BBD}.Release|x64.Build.0 = Release|x64
		{57571793-BF11-47DB-A9BA-049C9AA938C7}.Debug|Any CPU.ActiveCfg = Debug|x64
		{57571793-BF11-47DB-A9BA-049C9AA938C7}.Debug|x64.ActiveCfg = Debug|x64
		{57571793-BF11-47DB-A9BA-049C9AA938C7}.Debug|x64.Build.0 = Debug|x64
		{57571793-BF11-47DB-A9BA-049C9AA938C7}.Release|Any CPU.ActiveCfg = Release|x64
		{57571793-BF11-47DB-A9BA-049C9AA938C7}.Release|Any CPU.Build.0 = Release|x64
		{57571793-BF11-47DB-A9BA-049C9AA938C7}.Release|x64.ActiveCfg = Release|x64
		{57571793-BF11-47DB-A9BA-049C9AA938C7}.Release|x64.Build.0 = Release|x64
		{D7C7E2F0-A1EC-42F8-A031-4C857B8E5616}.Debug|Any CPU.ActiveCfg = Debug|Any CPU
		{D7C7E2F0-A1EC-42F8-A031-4C857B8E5616}.Debug|Any CPU.Build.0 = Debug|Any CPU
		{D7C7E2F0-A1EC-42F8-A031-4C857B8E5616}.Debug|x64.ActiveCfg = Debug|Any CPU
		{D7C7E2F0-A1EC-42F8-A031-4C857B8E5616}.Debug|x64.Build.0 = Debug|Any CPU
		{D7C7E2F0-A1EC-42F8-A031-4C857B8E5616}.Release|Any CPU.ActiveCfg = Release|Any CPU
		{D7C7E2F0-A1EC-42F8-A031-4C857B8E5616}.Release|Any CPU.Build.0 = Release|Any CPU
		{D7C7E2F0-A1EC-42F8-A031-4C857B8E5616}.Release|x64.ActiveCfg = Release|Any CPU
		{D7C7E2F0-A1EC-42F8-A031-4C857B8E5616}.Release|x64.Build.0 = Release|Any CPU
	EndGlobalSection
	GlobalSection(SolutionProperties) = preSolution
		HideSolutionNode = FALSE
	EndGlobalSection
	GlobalSection(NestedProjects) = preSolution
		{9B743A06-56DC-42C2-99B1-B11DE6C02BBD} = {81789563-316E-42DF-8507-578062A5E2BB}
		{57571793-BF11-47DB-A9BA-049C9AA938C7} = {81789563-316E-42DF-8507-578062A5E2BB}
		{9CC07CB0-D6B5-4B2E-990C-F644CBC7AE58} = {81789563-316E-42DF-8507-578062A5E2BB}
		{D7C7E2F0-A1EC-42F8-A031-4C857B8E5616} = {EEA1F74E-E0A0-41E5-95EB-153CB438764D}
	EndGlobalSection
	GlobalSection(ExtensibilityGlobals) = postSolution
		SolutionGuid = {1EB29F89-15AD-4607-B276-14AB5AC28D48}
	EndGlobalSection
EndGlobal
